
Microsoft Visual Studio Solution File, Format Version 12.00
# Visual Studio 2013
VisualStudioVersion = 12.0.31101.0
MinimumVisualStudioVersion = 10.0.40219.1
Project("{FAE04EC0-301F-11D3-BF4B-00C04F79EFBC}") = "jtf_Project.Admin", "jtf_Project.Admin\jtf_Project.Admin.csproj", "{F456B943-A707-44D2-8B87-21E69BF54D08}"
EndProject
Project("{FAE04EC0-301F-11D3-BF4B-00C04F79EFBC}") = "jtf_Project.Data", "jtf_Project.Data\jtf_Project.Data.csproj", "{D6726A17-9C4E-47DB-B03C-A5ACD8DBFBCF}"
EndProject
Global
	GlobalSection(SolutionConfigurationPlatforms) = preSolution
		Debug|Any CPU = Debug|Any CPU
		Release|Any CPU = Release|Any CPU
	EndGlobalSection
	GlobalSection(ProjectConfigurationPlatforms) = postSolution
		{F456B943-A707-44D2-8B87-21E69BF54D08}.Debug|Any CPU.ActiveCfg = Debug|Any CPU
		{F456B943-A707-44D2-8B87-21E69BF54D08}.Debug|Any CPU.Build.0 = Debug|Any CPU
		{F456B943-A707-44D2-8B87-21E69BF54D08}.Release|Any CPU.ActiveCfg = Release|Any CPU
		{F456B943-A707-44D2-8B87-21E69BF54D08}.Release|Any CPU.Build.0 = Release|Any CPU
		{D6726A17-9C4E-47DB-B03C-A5ACD8DBFBCF}.Debug|Any CPU.ActiveCfg = Debug|Any CPU
		{D6726A17-9C4E-47DB-B03C-A5ACD8DBFBCF}.Debug|Any CPU.Build.0 = Debug|Any CPU
		{D6726A17-9C4E-47DB-B03C-A5ACD8DBFBCF}.Release|Any CPU.ActiveCfg = Release|Any CPU
		{D6726A17-9C4E-47DB-B03C-A5ACD8DBFBCF}.Release|Any CPU.Build.0 = Release|Any CPU
	EndGlobalSection
	GlobalSection(SolutionProperties) = preSolution
		HideSolutionNode = FALSE
	EndGlobalSection
EndGlobal
